
Microsoft Visual Studio Solution File, Format Version 12.00
# Visual Studio Version 16
VisualStudioVersion = 16.6.30114.105
MinimumVisualStudioVersion = 10.0.40219.1
Project("{FAE04EC0-301F-11D3-BF4B-00C04F79EFBC}") = "API", "API\API.csproj", "{65B131F2-500F-4346-AF07-191A91FF3608}"
EndProject
Project("{FAE04EC0-301F-11D3-BF4B-00C04F79EFBC}") = "Core", "Core\Core.csproj", "{D290A07D-38DD-4934-8865-83A73206C099}"
EndProject
Project("{FAE04EC0-301F-11D3-BF4B-00C04F79EFBC}") = "Infrastructure", "Infrastructure\Infrastructure.csproj", "{0BF48315-402B-4A16-97BD-576CE2DBE1B0}"
EndProject
Global
	GlobalSection(SolutionConfigurationPlatforms) = preSolution
		Debug|Any CPU = Debug|Any CPU
		Debug|x64 = Debug|x64
		Debug|x86 = Debug|x86
		Release|Any CPU = Release|Any CPU
		Release|x64 = Release|x64
		Release|x86 = Release|x86
	EndGlobalSection
	GlobalSection(SolutionProperties) = preSolution
		HideSolutionNode = FALSE
	EndGlobalSection
	GlobalSection(ProjectConfigurationPlatforms) = postSolution
		{65B131F2-500F-4346-AF07-191A91FF3608}.Debug|Any CPU.ActiveCfg = Debug|Any CPU
		{65B131F2-500F-4346-AF07-191A91FF3608}.Debug|Any CPU.Build.0 = Debug|Any CPU
		{65B131F2-500F-4346-AF07-191A91FF3608}.Debug|x64.ActiveCfg = Debug|Any CPU
		{65B131F2-500F-4346-AF07-191A91FF3608}.Debug|x64.Build.0 = Debug|Any CPU
		{65B131F2-500F-4346-AF07-191A91FF3608}.Debug|x86.ActiveCfg = Debug|Any CPU
		{65B131F2-500F-4346-AF07-191A91FF3608}.Debug|x86.Build.0 = Debug|Any CPU
		{65B131F2-500F-4346-AF07-191A91FF3608}.Release|Any CPU.ActiveCfg = Release|Any CPU
		{65B131F2-500F-4346-AF07-191A91FF3608}.Release|Any CPU.Build.0 = Release|Any CPU
		{65B131F2-500F-4346-AF07-191A91FF3608}.Release|x64.ActiveCfg = Release|Any CPU
		{65B131F2-500F-4346-AF07-191A91FF3608}.Release|x64.Build.0 = Release|Any CPU
		{65B131F2-500F-4346-AF07-191A91FF3608}.Release|x86.ActiveCfg = Release|Any CPU
		{65B131F2-500F-4346-AF07-191A91FF3608}.Release|x86.Build.0 = Release|Any CPU
		{D290A07D-38DD-4934-8865-83A73206C099}.Debug|Any CPU.ActiveCfg = Debug|Any CPU
		{D290A07D-38DD-4934-8865-83A73206C099}.Debug|Any CPU.Build.0 = Debug|Any CPU
		{D290A07D-38DD-4934-8865-83A73206C099}.Debug|x64.ActiveCfg = Debug|Any CPU
		{D290A07D-38DD-4934-8865-83A73206C099}.Debug|x64.Build.0 = Debug|Any CPU
		{D290A07D-38DD-4934-8865-83A73206C099}.Debug|x86.ActiveCfg = Debug|Any CPU
		{D290A07D-38DD-4934-8865-83A73206C099}.Debug|x86.Build.0 = Debug|Any CPU
		{D290A07D-38DD-4934-8865-83A73206C099}.Release|Any CPU.ActiveCfg = Release|Any CPU
		{D290A07D-38DD-4934-8865-83A73206C099}.Release|Any CPU.Build.0 = Release|Any CPU
		{D290A07D-38DD-4934-8865-83A73206C099}.Release|x64.ActiveCfg = Release|Any CPU
		{D290A07D-38DD-4934-8865-83A73206C099}.Release|x64.Build.0 = Release|Any CPU
		{D290A07D-38DD-4934-8865-83A73206C099}.Release|x86.ActiveCfg = Release|Any CPU
		{D290A07D-38DD-4934-8865-83A73206C099}.Release|x86.Build.0 = Release|Any CPU
		{0BF48315-402B-4A16-97BD-576CE2DBE1B0}.Debug|Any CPU.ActiveCfg = Debug|Any CPU
		{0BF48315-402B-4A16-97BD-576CE2DBE1B0}.Debug|Any CPU.Build.0 = Debug|Any CPU
		{0BF48315-402B-4A16-97BD-576CE2DBE1B0}.Debug|x64.ActiveCfg = Debug|Any CPU
		{0BF48315-402B-4A16-97BD-576CE2DBE1B0}.Debug|x64.Build.0 = Debug|Any CPU
		{0BF48315-402B-4A16-97BD-576CE2DBE1B0}.Debug|x86.ActiveCfg = Debug|Any CPU
		{0BF48315-402B-4A16-97BD-576CE2DBE1B0}.Debug|x86.Build.0 = Debug|Any CPU
		{0BF48315-402B-4A16-97BD-576CE2DBE1B0}.Release|Any CPU.ActiveCfg = Release|Any CPU
		{0BF48315-402B-4A16-97BD-576CE2DBE1B0}.Release|Any CPU.Build.0 = Release|Any CPU
		{0BF48315-402B-4A16-97BD-576CE2DBE1B0}.Release|x64.ActiveCfg = Release|Any CPU
		{0BF48315-402B-4A16-97BD-576CE2DBE1B0}.Release|x64.Build.0 = Release|Any CPU
		{0BF48315-402B-4A16-97BD-576CE2DBE1B0}.Release|x86.ActiveCfg = Release|Any CPU
		{0BF48315-402B-4A16-97BD-576CE2DBE1B0}.Release|x86.Build.0 = Release|Any CPU
	EndGlobalSection
EndGlobal
